
Microsoft Visual Studio Solution File, Format Version 12.00
# Visual Studio Version 16
VisualStudioVersion = 16.0.34301.259
MinimumVisualStudioVersion = 10.0.40219.1
Project("{FAE04EC0-301F-11D3-BF4B-00C04F79EFBC}") = "PracticTask1", "PracticTask1.csproj", "{E2D18AEB-5F31-4984-B520-EF12192C7022}"
EndProject
Global
	GlobalSection(SolutionConfigurationPlatforms) = preSolution
		Debug|Any CPU = Debug|Any CPU
		Release|Any CPU = Release|Any CPU
	EndGlobalSection
	GlobalSection(ProjectConfigurationPlatforms) = postSolution
		{E2D18AEB-5F31-4984-B520-EF12192C7022}.Debug|Any CPU.ActiveCfg = Debug|Any CPU
		{E2D18AEB-5F31-4984-B520-EF12192C7022}.Debug|Any CPU.Build.0 = Debug|Any CPU
		{E2D18AEB-5F31-4984-B520-EF12192C7022}.Release|Any CPU.ActiveCfg = Release|Any CPU
		{E2D18AEB-5F31-4984-B520-EF12192C7022}.Release|Any CPU.Build.0 = Release|Any CPU
	EndGlobalSection
	GlobalSection(SolutionProperties) = preSolution
		HideSolutionNode = FALSE
	EndGlobalSection
	GlobalSection(ExtensibilityGlobals) = postSolution
		SolutionGuid = {7C991002-5FC0-4DC1-B3AB-CE1DC518C2AB}
	EndGlobalSection
EndGlobal
